
Microsoft Visual Studio Solution File, Format Version 12.00
# Visual Studio Version 16
VisualStudioVersion = 16.0.29020.237
MinimumVisualStudioVersion = 10.0.40219.1
Project("{FAE04EC0-301F-11D3-BF4B-00C04F79EFBC}") = "NotchyFormsPreviewer", "NotchyFormsPreviewer\NotchyFormsPreviewer.csproj", "{031C09B3-31A7-43C2-AC8F-D08252C19689}"
EndProject
Global
	GlobalSection(SolutionConfigurationPlatforms) = preSolution
		Debug|Any CPU = Debug|Any CPU
		Release|Any CPU = Release|Any CPU
	EndGlobalSection
	GlobalSection(ProjectConfigurationPlatforms) = postSolution
		{031C09B3-31A7-43C2-AC8F-D08252C19689}.Debug|Any CPU.ActiveCfg = Debug|Any CPU
		{031C09B3-31A7-43C2-AC8F-D08252C19689}.Debug|Any CPU.Build.0 = Debug|Any CPU
		{031C09B3-31A7-43C2-AC8F-D08252C19689}.Release|Any CPU.ActiveCfg = Release|Any CPU
		{031C09B3-31A7-43C2-AC8F-D08252C19689}.Release|Any CPU.Build.0 = Release|Any CPU
	EndGlobalSection
	GlobalSection(SolutionProperties) = preSolution
		HideSolutionNode = FALSE
	EndGlobalSection
	GlobalSection(ExtensibilityGlobals) = postSolution
		SolutionGuid = {7B42E17B-32CA-4EC8-A8EE-E1D26C2190AA}
	EndGlobalSection
EndGlobal
