
Microsoft Visual Studio Solution File, Format Version 12.00
# Visual Studio 15
Project("{FAE04EC0-301F-11D3-BF4B-00C04F79EFBC}") = "Notchy.FormsPreviewer.iOS", "Notchy.FormsPreviewer.iOS\Notchy.FormsPreviewer.iOS.csproj", "{5C4CFDCE-7DC1-44A8-8A6D-87E335D98B43}"
EndProject
Project("{FAE04EC0-301F-11D3-BF4B-00C04F79EFBC}") = "Notchy.FormsPreviewer.Android", "Notchy.FormsPreviewer.Android\Notchy.FormsPreviewer.Android.csproj", "{E76C5FB5-DF45-40D2-A83A-08DD724B1ACD}"
EndProject
Project("{5DD5E4FA-CB73-4610-85AB-557B54E96AA9}") = "Notchy.FormsPreviewer.NuGet", "Notchy.FormsPreviewer.NuGet\Notchy.FormsPreviewer.NuGet.nuproj", "{BAA9BA72-D28F-4C72-9065-BD319276A66A}"
EndProject
Project("{FAE04EC0-301F-11D3-BF4B-00C04F79EFBC}") = "Notch.FormsPreviewer.NetStandard", "Notch.FormsPreviewer.NetStandard\Notch.FormsPreviewer.NetStandard.csproj", "{4F7B75B8-C413-4E38-8529-C744964E3731}"
EndProject
Project("{FAE04EC0-301F-11D3-BF4B-00C04F79EFBC}") = "Notchy.FormsPreviewer.Sample.Android", "Notchy.FormsPreviewer.Sample.Android\Notchy.FormsPreviewer.Sample.Android.csproj", "{139A191D-AA03-44B2-BEBB-0A7C056B807A}"
EndProject
Project("{FAE04EC0-301F-11D3-BF4B-00C04F79EFBC}") = "Notchy.FormsPreviewer.Sample.iOS", "Notchy.FormsPreviewer.Sample.iOS\Notchy.FormsPreviewer.Sample.iOS.csproj", "{A94C0A57-A46A-49B4-B04F-CAFB86D1B177}"
EndProject
Project("{FAE04EC0-301F-11D3-BF4B-00C04F79EFBC}") = "Notchy.FormsPreviewer.Sample.UITests", "Notchy.FormsPreviewer.Sample.UITests\Notchy.FormsPreviewer.Sample.UITests.csproj", "{2B9D8004-A8B6-4D7A-89A5-ACA6669507F6}"
EndProject
Project("{FAE04EC0-301F-11D3-BF4B-00C04F79EFBC}") = "Notchy.FormsPreviewer.Sample", "Notchy.FormsPreviewer.Sample\Notchy.FormsPreviewer.Sample.csproj", "{70115908-6154-4ED9-8965-F83B45DC351D}"
EndProject
Global
	GlobalSection(SolutionConfigurationPlatforms) = preSolution
		Debug|Any CPU = Debug|Any CPU
		Release|Any CPU = Release|Any CPU
		Debug|iPhoneSimulator = Debug|iPhoneSimulator
		Release|iPhoneSimulator = Release|iPhoneSimulator
		Debug|iPhone = Debug|iPhone
		Release|iPhone = Release|iPhone
	EndGlobalSection
	GlobalSection(ProjectConfigurationPlatforms) = postSolution
		{5C4CFDCE-7DC1-44A8-8A6D-87E335D98B43}.Debug|Any CPU.ActiveCfg = Debug|Any CPU
		{5C4CFDCE-7DC1-44A8-8A6D-87E335D98B43}.Debug|Any CPU.Build.0 = Debug|Any CPU
		{5C4CFDCE-7DC1-44A8-8A6D-87E335D98B43}.Release|Any CPU.ActiveCfg = Release|Any CPU
		{5C4CFDCE-7DC1-44A8-8A6D-87E335D98B43}.Release|Any CPU.Build.0 = Release|Any CPU
		{5C4CFDCE-7DC1-44A8-8A6D-87E335D98B43}.Debug|iPhoneSimulator.ActiveCfg = Debug|Any CPU
		{5C4CFDCE-7DC1-44A8-8A6D-87E335D98B43}.Debug|iPhoneSimulator.Build.0 = Debug|Any CPU
		{5C4CFDCE-7DC1-44A8-8A6D-87E335D98B43}.Release|iPhoneSimulator.ActiveCfg = Release|Any CPU
		{5C4CFDCE-7DC1-44A8-8A6D-87E335D98B43}.Release|iPhoneSimulator.Build.0 = Release|Any CPU
		{5C4CFDCE-7DC1-44A8-8A6D-87E335D98B43}.Debug|iPhone.ActiveCfg = Debug|Any CPU
		{5C4CFDCE-7DC1-44A8-8A6D-87E335D98B43}.Debug|iPhone.Build.0 = Debug|Any CPU
		{5C4CFDCE-7DC1-44A8-8A6D-87E335D98B43}.Release|iPhone.ActiveCfg = Release|Any CPU
		{5C4CFDCE-7DC1-44A8-8A6D-87E335D98B43}.Release|iPhone.Build.0 = Release|Any CPU
		{E76C5FB5-DF45-40D2-A83A-08DD724B1ACD}.Debug|Any CPU.ActiveCfg = Debug|Any CPU
		{E76C5FB5-DF45-40D2-A83A-08DD724B1ACD}.Debug|Any CPU.Build.0 = Debug|Any CPU
		{E76C5FB5-DF45-40D2-A83A-08DD724B1ACD}.Release|Any CPU.ActiveCfg = Release|Any CPU
		{E76C5FB5-DF45-40D2-A83A-08DD724B1ACD}.Release|Any CPU.Build.0 = Release|Any CPU
		{E76C5FB5-DF45-40D2-A83A-08DD724B1ACD}.Debug|iPhoneSimulator.ActiveCfg = Debug|Any CPU
		{E76C5FB5-DF45-40D2-A83A-08DD724B1ACD}.Debug|iPhoneSimulator.Build.0 = Debug|Any CPU
		{E76C5FB5-DF45-40D2-A83A-08DD724B1ACD}.Release|iPhoneSimulator.ActiveCfg = Release|Any CPU
		{E76C5FB5-DF45-40D2-A83A-08DD724B1ACD}.Release|iPhoneSimulator.Build.0 = Release|Any CPU
		{E76C5FB5-DF45-40D2-A83A-08DD724B1ACD}.Debug|iPhone.ActiveCfg = Debug|Any CPU
		{E76C5FB5-DF45-40D2-A83A-08DD724B1ACD}.Debug|iPhone.Build.0 = Debug|Any CPU
		{E76C5FB5-DF45-40D2-A83A-08DD724B1ACD}.Release|iPhone.ActiveCfg = Release|Any CPU
		{E76C5FB5-DF45-40D2-A83A-08DD724B1ACD}.Release|iPhone.Build.0 = Release|Any CPU
		{BAA9BA72-D28F-4C72-9065-BD319276A66A}.Debug|Any CPU.ActiveCfg = Debug|Any CPU
		{BAA9BA72-D28F-4C72-9065-BD319276A66A}.Debug|Any CPU.Build.0 = Debug|Any CPU
		{BAA9BA72-D28F-4C72-9065-BD319276A66A}.Release|Any CPU.ActiveCfg = Release|Any CPU
		{BAA9BA72-D28F-4C72-9065-BD319276A66A}.Release|Any CPU.Build.0 = Release|Any CPU
		{BAA9BA72-D28F-4C72-9065-BD319276A66A}.Debug|iPhoneSimulator.ActiveCfg = Debug|Any CPU
		{BAA9BA72-D28F-4C72-9065-BD319276A66A}.Debug|iPhoneSimulator.Build.0 = Debug|Any CPU
		{BAA9BA72-D28F-4C72-9065-BD319276A66A}.Release|iPhoneSimulator.ActiveCfg = Release|Any CPU
		{BAA9BA72-D28F-4C72-9065-BD319276A66A}.Release|iPhoneSimulator.Build.0 = Release|Any CPU
		{BAA9BA72-D28F-4C72-9065-BD319276A66A}.Debug|iPhone.ActiveCfg = Debug|Any CPU
		{BAA9BA72-D28F-4C72-9065-BD319276A66A}.Debug|iPhone.Build.0 = Debug|Any CPU
		{BAA9BA72-D28F-4C72-9065-BD319276A66A}.Release|iPhone.ActiveCfg = Release|Any CPU
		{BAA9BA72-D28F-4C72-9065-BD319276A66A}.Release|iPhone.Build.0 = Release|Any CPU
		{4F7B75B8-C413-4E38-8529-C744964E3731}.Debug|Any CPU.ActiveCfg = Debug|Any CPU
		{4F7B75B8-C413-4E38-8529-C744964E3731}.Debug|Any CPU.Build.0 = Debug|Any CPU
		{4F7B75B8-C413-4E38-8529-C744964E3731}.Release|Any CPU.ActiveCfg = Release|Any CPU
		{4F7B75B8-C413-4E38-8529-C744964E3731}.Release|Any CPU.Build.0 = Release|Any CPU
		{4F7B75B8-C413-4E38-8529-C744964E3731}.Debug|iPhoneSimulator.ActiveCfg = Debug|Any CPU
		{4F7B75B8-C413-4E38-8529-C744964E3731}.Debug|iPhoneSimulator.Build.0 = Debug|Any CPU
		{4F7B75B8-C413-4E38-8529-C744964E3731}.Release|iPhoneSimulator.ActiveCfg = Release|Any CPU
		{4F7B75B8-C413-4E38-8529-C744964E3731}.Release|iPhoneSimulator.Build.0 = Release|Any CPU
		{4F7B75B8-C413-4E38-8529-C744964E3731}.Debug|iPhone.ActiveCfg = Debug|Any CPU
		{4F7B75B8-C413-4E38-8529-C744964E3731}.Debug|iPhone.Build.0 = Debug|Any CPU
		{4F7B75B8-C413-4E38-8529-C744964E3731}.Release|iPhone.ActiveCfg = Release|Any CPU
		{4F7B75B8-C413-4E38-8529-C744964E3731}.Release|iPhone.Build.0 = Release|Any CPU
		{139A191D-AA03-44B2-BEBB-0A7C056B807A}.Debug|Any CPU.ActiveCfg = Debug|Any CPU
		{139A191D-AA03-44B2-BEBB-0A7C056B807A}.Debug|Any CPU.Build.0 = Debug|Any CPU
		{139A191D-AA03-44B2-BEBB-0A7C056B807A}.Release|Any CPU.ActiveCfg = Release|Any CPU
		{139A191D-AA03-44B2-BEBB-0A7C056B807A}.Release|Any CPU.Build.0 = Release|Any CPU
		{139A191D-AA03-44B2-BEBB-0A7C056B807A}.Debug|iPhoneSimulator.ActiveCfg = Debug|Any CPU
		{139A191D-AA03-44B2-BEBB-0A7C056B807A}.Debug|iPhoneSimulator.Build.0 = Debug|Any CPU
		{139A191D-AA03-44B2-BEBB-0A7C056B807A}.Release|iPhoneSimulator.ActiveCfg = Release|Any CPU
		{139A191D-AA03-44B2-BEBB-0A7C056B807A}.Release|iPhoneSimulator.Build.0 = Release|Any CPU
		{139A191D-AA03-44B2-BEBB-0A7C056B807A}.Debug|iPhone.ActiveCfg = Debug|Any CPU
		{139A191D-AA03-44B2-BEBB-0A7C056B807A}.Debug|iPhone.Build.0 = Debug|Any CPU
		{139A191D-AA03-44B2-BEBB-0A7C056B807A}.Release|iPhone.ActiveCfg = Release|Any CPU
		{139A191D-AA03-44B2-BEBB-0A7C056B807A}.Release|iPhone.Build.0 = Release|Any CPU
		{A94C0A57-A46A-49B4-B04F-CAFB86D1B177}.Debug|Any CPU.ActiveCfg = Debug|iPhoneSimulator
		{A94C0A57-A46A-49B4-B04F-CAFB86D1B177}.Debug|Any CPU.Build.0 = Debug|iPhoneSimulator
		{A94C0A57-A46A-49B4-B04F-CAFB86D1B177}.Release|Any CPU.ActiveCfg = Release|iPhoneSimulator
		{A94C0A57-A46A-49B4-B04F-CAFB86D1B177}.Release|Any CPU.Build.0 = Release|iPhoneSimulator
		{A94C0A57-A46A-49B4-B04F-CAFB86D1B177}.Debug|iPhoneSimulator.ActiveCfg = Debug|iPhoneSimulator
		{A94C0A57-A46A-49B4-B04F-CAFB86D1B177}.Debug|iPhoneSimulator.Build.0 = Debug|iPhoneSimulator
		{A94C0A57-A46A-49B4-B04F-CAFB86D1B177}.Release|iPhoneSimulator.ActiveCfg = Release|iPhoneSimulator
		{A94C0A57-A46A-49B4-B04F-CAFB86D1B177}.Release|iPhoneSimulator.Build.0 = Release|iPhoneSimulator
		{A94C0A57-A46A-49B4-B04F-CAFB86D1B177}.Debug|iPhone.ActiveCfg = Debug|iPhone
		{A94C0A57-A46A-49B4-B04F-CAFB86D1B177}.Debug|iPhone.Build.0 = Debug|iPhone
		{A94C0A57-A46A-49B4-B04F-CAFB86D1B177}.Release|iPhone.ActiveCfg = Release|iPhone
		{A94C0A57-A46A-49B4-B04F-CAFB86D1B177}.Release|iPhone.Build.0 = Release|iPhone
		{2B9D8004-A8B6-4D7A-89A5-ACA6669507F6}.Debug|Any CPU.ActiveCfg = Debug|Any CPU
		{2B9D8004-A8B6-4D7A-89A5-ACA6669507F6}.Debug|Any CPU.Build.0 = Debug|Any CPU
		{2B9D8004-A8B6-4D7A-89A5-ACA6669507F6}.Release|Any CPU.ActiveCfg = Release|Any CPU
		{2B9D8004-A8B6-4D7A-89A5-ACA6669507F6}.Release|Any CPU.Build.0 = Release|Any CPU
		{2B9D8004-A8B6-4D7A-89A5-ACA6669507F6}.Debug|iPhoneSimulator.ActiveCfg = Debug|Any CPU
		{2B9D8004-A8B6-4D7A-89A5-ACA6669507F6}.Debug|iPhoneSimulator.Build.0 = Debug|Any CPU
		{2B9D8004-A8B6-4D7A-89A5-ACA6669507F6}.Release|iPhoneSimulator.ActiveCfg = Release|Any CPU
		{2B9D8004-A8B6-4D7A-89A5-ACA6669507F6}.Release|iPhoneSimulator.Build.0 = Release|Any CPU
		{2B9D8004-A8B6-4D7A-89A5-ACA6669507F6}.Debug|iPhone.ActiveCfg = Debug|Any CPU
		{2B9D8004-A8B6-4D7A-89A5-ACA6669507F6}.Debug|iPhone.Build.0 = Debug|Any CPU
		{2B9D8004-A8B6-4D7A-89A5-ACA6669507F6}.Release|iPhone.ActiveCfg = Release|Any CPU
		{2B9D8004-A8B6-4D7A-89A5-ACA6669507F6}.Release|iPhone.Build.0 = Release|Any CPU
		{70115908-6154-4ED9-8965-F83B45DC351D}.Debug|Any CPU.ActiveCfg = Debug|Any CPU
		{70115908-6154-4ED9-8965-F83B45DC351D}.Debug|Any CPU.Build.0 = Debug|Any CPU
		{70115908-6154-4ED9-8965-F83B45DC351D}.Release|Any CPU.ActiveCfg = Release|Any CPU
		{70115908-6154-4ED9-8965-F83B45DC351D}.Release|Any CPU.Build.0 = Release|Any CPU
		{70115908-6154-4ED9-8965-F83B45DC351D}.Debug|iPhoneSimulator.ActiveCfg = Debug|Any CPU
		{70115908-6154-4ED9-8965-F83B45DC351D}.Debug|iPhoneSimulator.Build.0 = Debug|Any CPU
		{70115908-6154-4ED9-8965-F83B45DC351D}.Release|iPhoneSimulator.ActiveCfg = Release|Any CPU
		{70115908-6154-4ED9-8965-F83B45DC351D}.Release|iPhoneSimulator.Build.0 = Release|Any CPU
		{70115908-6154-4ED9-8965-F83B45DC351D}.Debug|iPhone.ActiveCfg = Debug|Any CPU
		{70115908-6154-4ED9-8965-F83B45DC351D}.Debug|iPhone.Build.0 = Debug|Any CPU
		{70115908-6154-4ED9-8965-F83B45DC351D}.Release|iPhone.ActiveCfg = Release|Any CPU
		{70115908-6154-4ED9-8965-F83B45DC351D}.Release|iPhone.Build.0 = Release|Any CPU
	EndGlobalSection
EndGlobal
